
Microsoft Visual Studio Solution File, Format Version 11.00
# Visual Studio 2010
Project("{FAE04EC0-301F-11D3-BF4B-00C04F79EFBC}") = "IDAL", "IDAL\IDAL.csproj", "{67BB2991-44F5-4201-B278-1A7661B5FDF6}"
EndProject
Project("{FAE04EC0-301F-11D3-BF4B-00C04F79EFBC}") = "DAL", "DAL\DAL.csproj", "{33098894-CEAE-4176-8919-3D6E23C38630}"
EndProject
Project("{FAE04EC0-301F-11D3-BF4B-00C04F79EFBC}") = "DataModel", "SQLModel\DataModel.csproj", "{33F9C048-02FD-40D5-99B1-2B6B6E8D269E}"
EndProject
Project("{FAE04EC0-301F-11D3-BF4B-00C04F79EFBC}") = "Common", "Common\Common.csproj", "{69A2C48E-8194-4E5D-9ACB-B5FF4EF2C206}"
EndProject
Project("{FAE04EC0-301F-11D3-BF4B-00C04F79EFBC}") = "BLL", "BLL\BLL.csproj", "{AE0393B8-DFEE-4867-84E4-58A52ED4B2A3}"
EndProject
Project("{FAE04EC0-301F-11D3-BF4B-00C04F79EFBC}") = "IBLL", "IBLL\IBLL.csproj", "{8E73EB58-E6F9-490E-B1F9-C8402BB3D813}"
EndProject
Project("{FAE04EC0-301F-11D3-BF4B-00C04F79EFBC}") = "InStart", "InStart\InStart.csproj", "{A6F97FCE-FCE5-4509-92BC-949DC4E438D9}"
EndProject
Global
	GlobalSection(SolutionConfigurationPlatforms) = preSolution
		Debug|Any CPU = Debug|Any CPU
		Release|Any CPU = Release|Any CPU
	EndGlobalSection
	GlobalSection(ProjectConfigurationPlatforms) = postSolution
		{67BB2991-44F5-4201-B278-1A7661B5FDF6}.Debug|Any CPU.ActiveCfg = Debug|Any CPU
		{67BB2991-44F5-4201-B278-1A7661B5FDF6}.Debug|Any CPU.Build.0 = Debug|Any CPU
		{67BB2991-44F5-4201-B278-1A7661B5FDF6}.Release|Any CPU.ActiveCfg = Release|Any CPU
		{67BB2991-44F5-4201-B278-1A7661B5FDF6}.Release|Any CPU.Build.0 = Release|Any CPU
		{33098894-CEAE-4176-8919-3D6E23C38630}.Debug|Any CPU.ActiveCfg = Debug|Any CPU
		{33098894-CEAE-4176-8919-3D6E23C38630}.Debug|Any CPU.Build.0 = Debug|Any CPU
		{33098894-CEAE-4176-8919-3D6E23C38630}.Release|Any CPU.ActiveCfg = Release|Any CPU
		{33098894-CEAE-4176-8919-3D6E23C38630}.Release|Any CPU.Build.0 = Release|Any CPU
		{33F9C048-02FD-40D5-99B1-2B6B6E8D269E}.Debug|Any CPU.ActiveCfg = Debug|Any CPU
		{33F9C048-02FD-40D5-99B1-2B6B6E8D269E}.Debug|Any CPU.Build.0 = Debug|Any CPU
		{33F9C048-02FD-40D5-99B1-2B6B6E8D269E}.Release|Any CPU.ActiveCfg = Release|Any CPU
		{33F9C048-02FD-40D5-99B1-2B6B6E8D269E}.Release|Any CPU.Build.0 = Release|Any CPU
		{69A2C48E-8194-4E5D-9ACB-B5FF4EF2C206}.Debug|Any CPU.ActiveCfg = Debug|Any CPU
		{69A2C48E-8194-4E5D-9ACB-B5FF4EF2C206}.Debug|Any CPU.Build.0 = Debug|Any CPU
		{69A2C48E-8194-4E5D-9ACB-B5FF4EF2C206}.Release|Any CPU.ActiveCfg = Release|Any CPU
		{69A2C48E-8194-4E5D-9ACB-B5FF4EF2C206}.Release|Any CPU.Build.0 = Release|Any CPU
		{AE0393B8-DFEE-4867-84E4-58A52ED4B2A3}.Debug|Any CPU.ActiveCfg = Debug|Any CPU
		{AE0393B8-DFEE-4867-84E4-58A52ED4B2A3}.Debug|Any CPU.Build.0 = Debug|Any CPU
		{AE0393B8-DFEE-4867-84E4-58A52ED4B2A3}.Release|Any CPU.ActiveCfg = Release|Any CPU
		{AE0393B8-DFEE-4867-84E4-58A52ED4B2A3}.Release|Any CPU.Build.0 = Release|Any CPU
		{8E73EB58-E6F9-490E-B1F9-C8402BB3D813}.Debug|Any CPU.ActiveCfg = Debug|Any CPU
		{8E73EB58-E6F9-490E-B1F9-C8402BB3D813}.Debug|Any CPU.Build.0 = Debug|Any CPU
		{8E73EB58-E6F9-490E-B1F9-C8402BB3D813}.Release|Any CPU.ActiveCfg = Release|Any CPU
		{8E73EB58-E6F9-490E-B1F9-C8402BB3D813}.Release|Any CPU.Build.0 = Release|Any CPU
		{A6F97FCE-FCE5-4509-92BC-949DC4E438D9}.Debug|Any CPU.ActiveCfg = Debug|Any CPU
		{A6F97FCE-FCE5-4509-92BC-949DC4E438D9}.Debug|Any CPU.Build.0 = Debug|Any CPU
		{A6F97FCE-FCE5-4509-92BC-949DC4E438D9}.Release|Any CPU.ActiveCfg = Release|Any CPU
		{A6F97FCE-FCE5-4509-92BC-949DC4E438D9}.Release|Any CPU.Build.0 = Release|Any CPU
	EndGlobalSection
	GlobalSection(SolutionProperties) = preSolution
		HideSolutionNode = FALSE
	EndGlobalSection
EndGlobal
